# This file is autogenerated, do not edit; changes may be undone by the next 'dep ensure'.


[[projects]]
  branch = "master"
  name = "github.com/NebulousLabs/bolt"
  packages = ["."]
  revision = "a22e934a4cae79ba990bd8aa3bc5bdd34f4ef61e"

[[projects]]
  branch = "master"
  name = "github.com/NebulousLabs/demotemutex"
  packages = ["."]
  revision = "235395f71c4073ee8e71eb51476e7989043b9809"

[[projects]]
  branch = "master"
  name = "github.com/NebulousLabs/entropy-mnemonics"
  packages = ["."]
  revision = "7b01a644a63680b90de22bacfb11d832e944eaab"

[[projects]]
  branch = "master"
  name = "github.com/NebulousLabs/errors"
  packages = ["."]
  revision = "98e1f05a42d03a706ec86baf52f0bb5a40923f0d"

[[projects]]
  branch = "master"
  name = "github.com/NebulousLabs/fastrand"
  packages = ["."]
  revision = "60b615657d85339c105efb2170327a2d948d4b17"

[[projects]]
  branch = "master"
  name = "github.com/NebulousLabs/go-upnp"
  packages = ["."]
  revision = "620e2354265f67dbe3ecf41244ea49e6f267b7ad"

[[projects]]
  branch = "master"
  name = "github.com/NebulousLabs/merkletree"
  packages = ["."]
  revision = "8482d024aa8ffc16d2d4246e84e943aca109a8dc"

[[projects]]
  branch = "master"
  name = "github.com/NebulousLabs/muxado"
  packages = [".","proto","proto/buffer","proto/ext","proto/frame"]
  revision = "b4de4d8a34c7ca6e2f597ccfd33ec88224af5ad0"

[[projects]]
  name = "github.com/bgentry/speakeasy"
  packages = ["."]
  revision = "4aabc24848ce5fd31929f7d1e4ea74d3709c14cd"
  version = "v0.1.0"

[[projects]]
  name = "github.com/cpuguy83/go-md2man"
  packages = ["md2man"]
  revision = "1d903dcb749992f3741d744c0f8376b4bd7eb3e1"
  version = "v1.0.7"

[[projects]]
  branch = "master"
  name = "github.com/huin/goupnp"
  packages = [".","dcps/internetgateway1","httpu","scpd","soap","ssdp"]
  revision = "5b7801abd885f2f7458add715aee47e7df5370a0"

[[projects]]
  branch = "master"
  name = "github.com/inconshreveable/go-update"
  packages = [".","internal/binarydist","internal/osext"]
  revision = "8152e7eb6ccf8679a64582a66b78519688d156ad"

[[projects]]
  name = "github.com/inconshreveable/mousetrap"
  packages = ["."]
  revision = "76626ae9c91c4f2a10f34cad8ce83ea42c93bb75"
  version = "v1.0"

[[projects]]
  name = "github.com/julienschmidt/httprouter"
  packages = ["."]
  revision = "8c199fb6259ffc1af525cc3ad52ee60ba8359669"
  version = "v1.1"

[[projects]]
  branch = "master"
  name = "github.com/kardianos/osext"
  packages = ["."]
  revision = "ae77be60afb1dcacde03767a8c37337fad28ac14"

[[projects]]
  name = "github.com/klauspost/cpuid"
  packages = ["."]
  revision = "ae7887de9fa5d2db4eaa8174a7eff2c1ac00f2da"
  version = "v1.1"

[[projects]]
  name = "github.com/klauspost/reedsolomon"
  packages = ["."]
  revision = "6bb6130ff6a76a904c1841707d65603aec9cc288"
  version = "v1.6"

[[projects]]
  name = "github.com/pkg/errors"
  packages = ["."]
  revision = "645ef00459ed84a119197bfb8d8205042c6df63d"
  version = "v0.8.0"

[[projects]]
  name = "github.com/russross/blackfriday"
  packages = ["."]
  revision = "4048872b16cc0fc2c5fd9eacf0ed2c2fedaa0c8c"
  version = "v1.5"

[[projects]]
  branch = "master"
  name = "github.com/spf13/cobra"
  packages = [".","doc"]
  revision = "e5f66de850af3302fbe378c8acded2b0fa55472c"

[[projects]]
  name = "github.com/spf13/pflag"
  packages = ["."]
  revision = "e57e3eeb33f795204c1ca35f56c44f83227c6e66"
  version = "v1.0.0"

[[projects]]
  name = "github.com/xtaci/smux"
  packages = ["."]
  revision = "a1a5df8f92af764f378f07d6a3dd8eb3f7aa190a"
  version = "v1.0.5"

[[projects]]
  branch = "master"
  name = "golang.org/x/crypto"
  packages = ["blake2b","ed25519","ed25519/internal/edwards25519","twofish"]
  revision = "9419663f5a44be8b34ca85f08abc5fe1be11f8a3"

[[projects]]
  branch = "master"
  name = "golang.org/x/net"
  packages = ["html","html/atom","html/charset"]
  revision = "0a9397675ba34b2845f758fe3cd68828369c6517"

[[projects]]
  branch = "master"
  name = "golang.org/x/sys"
  packages = ["unix"]
  revision = "314a259e304ff91bd6985da2a7149bbf91237993"

[[projects]]
  branch = "master"
  name = "golang.org/x/text"
  packages = ["encoding","encoding/charmap","encoding/htmlindex","encoding/internal","encoding/internal/identifier","encoding/japanese","encoding/korean","encoding/simplifiedchinese","encoding/traditionalchinese","encoding/unicode","internal/gen","internal/tag","internal/triegen","internal/ucd","internal/utf8internal","language","runes","transform","unicode/cldr","unicode/norm"]
  revision = "1cbadb444a806fd9430d14ad08967ed91da4fa0a"

[[projects]]
  branch = "v2"
  name = "gopkg.in/yaml.v2"
  packages = ["."]
  revision = "eb3733d160e74a9c7e442f435eb3bea458e1d19f"

[solve-meta]
  analyzer-name = "dep"
  analyzer-version = 1
  inputs-digest = "841f3897e44b1c39477c54aba14b67689b00e812451c2aca3b9e710b4da3161a"
  solver-name = "gps-cdcl"
  solver-version = 1
